
Microsoft Visual Studio Solution File, Format Version 12.00
Project("{FAE04EC0-301F-11D3-BF4B-00C04F79EFBC}") = "MoneyTransfer", "MoneyTransfer\MoneyTransfer.csproj", "{26005C34-75CD-4064-B430-083AA4D28DF7}"
EndProject
Project("{FAE04EC0-301F-11D3-BF4B-00C04F79EFBC}") = "MoneyTransferTests", "MoneyTransferTests\MoneyTransferTests.csproj", "{1CB7EB7C-30BF-4566-8F21-010F682518B9}"
EndProject
Global
	GlobalSection(SolutionConfigurationPlatforms) = preSolution
		Debug|Any CPU = Debug|Any CPU
		Release|Any CPU = Release|Any CPU
	EndGlobalSection
	GlobalSection(ProjectConfigurationPlatforms) = postSolution
		{26005C34-75CD-4064-B430-083AA4D28DF7}.Debug|Any CPU.ActiveCfg = Debug|Any CPU
		{26005C34-75CD-4064-B430-083AA4D28DF7}.Debug|Any CPU.Build.0 = Debug|Any CPU
		{26005C34-75CD-4064-B430-083AA4D28DF7}.Release|Any CPU.ActiveCfg = Release|Any CPU
		{26005C34-75CD-4064-B430-083AA4D28DF7}.Release|Any CPU.Build.0 = Release|Any CPU
		{1CB7EB7C-30BF-4566-8F21-010F682518B9}.Debug|Any CPU.ActiveCfg = Debug|Any CPU
		{1CB7EB7C-30BF-4566-8F21-010F682518B9}.Debug|Any CPU.Build.0 = Debug|Any CPU
		{1CB7EB7C-30BF-4566-8F21-010F682518B9}.Release|Any CPU.ActiveCfg = Release|Any CPU
		{1CB7EB7C-30BF-4566-8F21-010F682518B9}.Release|Any CPU.Build.0 = Release|Any CPU
	EndGlobalSection
EndGlobal
